
Microsoft Visual Studio Solution File, Format Version 12.00
# Visual Studio 15
VisualStudioVersion = 15.0.27703.2018
MinimumVisualStudioVersion = 10.0.40219.1
Project("{FAE04EC0-301F-11D3-BF4B-00C04F79EFBC}") = "Softuni Karaoke", "Softuni Karaoke\Softuni Karaoke.csproj", "{696EA2AC-6681-4601-84B9-40CB34A19515}"
EndProject
Global
	GlobalSection(SolutionConfigurationPlatforms) = preSolution
		Debug|Any CPU = Debug|Any CPU
		Release|Any CPU = Release|Any CPU
	EndGlobalSection
	GlobalSection(ProjectConfigurationPlatforms) = postSolution
		{696EA2AC-6681-4601-84B9-40CB34A19515}.Debug|Any CPU.ActiveCfg = Debug|Any CPU
		{696EA2AC-6681-4601-84B9-40CB34A19515}.Debug|Any CPU.Build.0 = Debug|Any CPU
		{696EA2AC-6681-4601-84B9-40CB34A19515}.Release|Any CPU.ActiveCfg = Release|Any CPU
		{696EA2AC-6681-4601-84B9-40CB34A19515}.Release|Any CPU.Build.0 = Release|Any CPU
	EndGlobalSection
	GlobalSection(SolutionProperties) = preSolution
		HideSolutionNode = FALSE
	EndGlobalSection
	GlobalSection(ExtensibilityGlobals) = postSolution
		SolutionGuid = {79B9947E-7818-4C40-9588-904427731491}
	EndGlobalSection
EndGlobal
