
Microsoft Visual Studio Solution File, Format Version 12.00
# Visual Studio 15
VisualStudioVersion = 15.0.27703.2018
MinimumVisualStudioVersion = 10.0.40219.1
Project("{9A19103F-16F7-4668-BE54-9A1E7A4F7556}") = "Largest Common End", "Largest Common End\Largest Common End.csproj", "{0B8C2C02-35D9-422D-AADF-BE280F8B18BE}"
EndProject
Project("{9A19103F-16F7-4668-BE54-9A1E7A4F7556}") = "Fold and Sum", "Fold and Sum\Fold and Sum.csproj", "{00830EC9-CC3F-466C-9BA0-1367684B27BF}"
EndProject
Project("{9A19103F-16F7-4668-BE54-9A1E7A4F7556}") = "Sieve of Eratosthenes", "4. Sieve of Eratosthenes\Sieve of Eratosthenes.csproj", "{058155FD-80B3-49D5-AEDF-97068BD941F4}"
EndProject
Project("{9A19103F-16F7-4668-BE54-9A1E7A4F7556}") = "Compare Char Arrays", "Compare Char Arrays\Compare Char Arrays.csproj", "{8D28152D-C849-43A7-A0CE-B1C38A1A27CB}"
EndProject
Project("{FAE04EC0-301F-11D3-BF4B-00C04F79EFBC}") = "Max Sequence of Equal Elements", "Max Sequence of Equal Elements\Max Sequence of Equal Elements.csproj", "{F19E144D-17E9-47EB-98BD-6019914728F5}"
EndProject
Global
	GlobalSection(SolutionConfigurationPlatforms) = preSolution
		Debug|Any CPU = Debug|Any CPU
		Release|Any CPU = Release|Any CPU
	EndGlobalSection
	GlobalSection(ProjectConfigurationPlatforms) = postSolution
		{0B8C2C02-35D9-422D-AADF-BE280F8B18BE}.Debug|Any CPU.ActiveCfg = Debug|Any CPU
		{0B8C2C02-35D9-422D-AADF-BE280F8B18BE}.Debug|Any CPU.Build.0 = Debug|Any CPU
		{0B8C2C02-35D9-422D-AADF-BE280F8B18BE}.Release|Any CPU.ActiveCfg = Release|Any CPU
		{0B8C2C02-35D9-422D-AADF-BE280F8B18BE}.Release|Any CPU.Build.0 = Release|Any CPU
		{00830EC9-CC3F-466C-9BA0-1367684B27BF}.Debug|Any CPU.ActiveCfg = Debug|Any CPU
		{00830EC9-CC3F-466C-9BA0-1367684B27BF}.Debug|Any CPU.Build.0 = Debug|Any CPU
		{00830EC9-CC3F-466C-9BA0-1367684B27BF}.Release|Any CPU.ActiveCfg = Release|Any CPU
		{00830EC9-CC3F-466C-9BA0-1367684B27BF}.Release|Any CPU.Build.0 = Release|Any CPU
		{058155FD-80B3-49D5-AEDF-97068BD941F4}.Debug|Any CPU.ActiveCfg = Debug|Any CPU
		{058155FD-80B3-49D5-AEDF-97068BD941F4}.Debug|Any CPU.Build.0 = Debug|Any CPU
		{058155FD-80B3-49D5-AEDF-97068BD941F4}.Release|Any CPU.ActiveCfg = Release|Any CPU
		{058155FD-80B3-49D5-AEDF-97068BD941F4}.Release|Any CPU.Build.0 = Release|Any CPU
		{8D28152D-C849-43A7-A0CE-B1C38A1A27CB}.Debug|Any CPU.ActiveCfg = Debug|Any CPU
		{8D28152D-C849-43A7-A0CE-B1C38A1A27CB}.Debug|Any CPU.Build.0 = Debug|Any CPU
		{8D28152D-C849-43A7-A0CE-B1C38A1A27CB}.Release|Any CPU.ActiveCfg = Release|Any CPU
		{8D28152D-C849-43A7-A0CE-B1C38A1A27CB}.Release|Any CPU.Build.0 = Release|Any CPU
		{F19E144D-17E9-47EB-98BD-6019914728F5}.Debug|Any CPU.ActiveCfg = Debug|Any CPU
		{F19E144D-17E9-47EB-98BD-6019914728F5}.Debug|Any CPU.Build.0 = Debug|Any CPU
		{F19E144D-17E9-47EB-98BD-6019914728F5}.Release|Any CPU.ActiveCfg = Release|Any CPU
		{F19E144D-17E9-47EB-98BD-6019914728F5}.Release|Any CPU.Build.0 = Release|Any CPU
	EndGlobalSection
	GlobalSection(SolutionProperties) = preSolution
		HideSolutionNode = FALSE
	EndGlobalSection
	GlobalSection(ExtensibilityGlobals) = postSolution
		SolutionGuid = {3B719DEB-45F9-4485-BA07-CAC80D28A1F1}
	EndGlobalSection
EndGlobal
