
Microsoft Visual Studio Solution File, Format Version 12.00
# Visual Studio 15
VisualStudioVersion = 15.0.27703.2018
MinimumVisualStudioVersion = 10.0.40219.1
Project("{FAE04EC0-301F-11D3-BF4B-00C04F79EFBC}") = "Raindrops", "Raindrops\Raindrops.csproj", "{FFEDCB9E-AD9D-4B70-ABD2-44A75315C1AB}"
EndProject
Project("{FAE04EC0-301F-11D3-BF4B-00C04F79EFBC}") = "Rainer", "Rainer\Rainer.csproj", "{7399155C-C787-48EF-AF6A-CFE2D22B0AC3}"
EndProject
Global
	GlobalSection(SolutionConfigurationPlatforms) = preSolution
		Debug|Any CPU = Debug|Any CPU
		Release|Any CPU = Release|Any CPU
	EndGlobalSection
	GlobalSection(ProjectConfigurationPlatforms) = postSolution
		{FFEDCB9E-AD9D-4B70-ABD2-44A75315C1AB}.Debug|Any CPU.ActiveCfg = Debug|Any CPU
		{FFEDCB9E-AD9D-4B70-ABD2-44A75315C1AB}.Debug|Any CPU.Build.0 = Debug|Any CPU
		{FFEDCB9E-AD9D-4B70-ABD2-44A75315C1AB}.Release|Any CPU.ActiveCfg = Release|Any CPU
		{FFEDCB9E-AD9D-4B70-ABD2-44A75315C1AB}.Release|Any CPU.Build.0 = Release|Any CPU
		{7399155C-C787-48EF-AF6A-CFE2D22B0AC3}.Debug|Any CPU.ActiveCfg = Debug|Any CPU
		{7399155C-C787-48EF-AF6A-CFE2D22B0AC3}.Debug|Any CPU.Build.0 = Debug|Any CPU
		{7399155C-C787-48EF-AF6A-CFE2D22B0AC3}.Release|Any CPU.ActiveCfg = Release|Any CPU
		{7399155C-C787-48EF-AF6A-CFE2D22B0AC3}.Release|Any CPU.Build.0 = Release|Any CPU
	EndGlobalSection
	GlobalSection(SolutionProperties) = preSolution
		HideSolutionNode = FALSE
	EndGlobalSection
	GlobalSection(ExtensibilityGlobals) = postSolution
		SolutionGuid = {2957EEBD-0D41-4D27-B20D-2426C93200AC}
	EndGlobalSection
EndGlobal
