
Microsoft Visual Studio Solution File, Format Version 12.00
# Visual Studio 15
VisualStudioVersion = 15.0.27428.2015
MinimumVisualStudioVersion = 10.0.40219.1
Project("{FAE04EC0-301F-11D3-BF4B-00C04F79EFBC}") = "Debit Card Number", "Debit Card Number\Debit Card Number.csproj", "{0B66EC89-F6BF-4516-B845-5CE1F4A78A69}"
EndProject
Project("{FAE04EC0-301F-11D3-BF4B-00C04F79EFBC}") = "Rectangle Area", "Rectangle Area\Rectangle Area.csproj", "{3C67AD20-B0FF-466B-8916-9C0F6D3C22AD}"
EndProject
Project("{FAE04EC0-301F-11D3-BF4B-00C04F79EFBC}") = "Miles To Kilometers", "Miles To Kilometers\Miles To Kilometers.csproj", "{D128374E-0DB2-4501-9A1D-DD4371629676}"
EndProject
Project("{FAE04EC0-301F-11D3-BF4B-00C04F79EFBC}") = "Beverage Labels", "Beverage Labels\Beverage Labels.csproj", "{01389949-2248-41D1-A643-7CEC26CDA8C6}"
EndProject
Project("{FAE04EC0-301F-11D3-BF4B-00C04F79EFBC}") = "Character Stats", "Character Stats\Character Stats.csproj", "{8015B6BB-67FA-44B1-BF94-6FF85B3172DB}"
EndProject
Global
	GlobalSection(SolutionConfigurationPlatforms) = preSolution
		Debug|Any CPU = Debug|Any CPU
		Release|Any CPU = Release|Any CPU
	EndGlobalSection
	GlobalSection(ProjectConfigurationPlatforms) = postSolution
		{0B66EC89-F6BF-4516-B845-5CE1F4A78A69}.Debug|Any CPU.ActiveCfg = Debug|Any CPU
		{0B66EC89-F6BF-4516-B845-5CE1F4A78A69}.Debug|Any CPU.Build.0 = Debug|Any CPU
		{0B66EC89-F6BF-4516-B845-5CE1F4A78A69}.Release|Any CPU.ActiveCfg = Release|Any CPU
		{0B66EC89-F6BF-4516-B845-5CE1F4A78A69}.Release|Any CPU.Build.0 = Release|Any CPU
		{3C67AD20-B0FF-466B-8916-9C0F6D3C22AD}.Debug|Any CPU.ActiveCfg = Debug|Any CPU
		{3C67AD20-B0FF-466B-8916-9C0F6D3C22AD}.Debug|Any CPU.Build.0 = Debug|Any CPU
		{3C67AD20-B0FF-466B-8916-9C0F6D3C22AD}.Release|Any CPU.ActiveCfg = Release|Any CPU
		{3C67AD20-B0FF-466B-8916-9C0F6D3C22AD}.Release|Any CPU.Build.0 = Release|Any CPU
		{D128374E-0DB2-4501-9A1D-DD4371629676}.Debug|Any CPU.ActiveCfg = Debug|Any CPU
		{D128374E-0DB2-4501-9A1D-DD4371629676}.Debug|Any CPU.Build.0 = Debug|Any CPU
		{D128374E-0DB2-4501-9A1D-DD4371629676}.Release|Any CPU.ActiveCfg = Release|Any CPU
		{D128374E-0DB2-4501-9A1D-DD4371629676}.Release|Any CPU.Build.0 = Release|Any CPU
		{01389949-2248-41D1-A643-7CEC26CDA8C6}.Debug|Any CPU.ActiveCfg = Debug|Any CPU
		{01389949-2248-41D1-A643-7CEC26CDA8C6}.Debug|Any CPU.Build.0 = Debug|Any CPU
		{01389949-2248-41D1-A643-7CEC26CDA8C6}.Release|Any CPU.ActiveCfg = Release|Any CPU
		{01389949-2248-41D1-A643-7CEC26CDA8C6}.Release|Any CPU.Build.0 = Release|Any CPU
		{8015B6BB-67FA-44B1-BF94-6FF85B3172DB}.Debug|Any CPU.ActiveCfg = Debug|Any CPU
		{8015B6BB-67FA-44B1-BF94-6FF85B3172DB}.Debug|Any CPU.Build.0 = Debug|Any CPU
		{8015B6BB-67FA-44B1-BF94-6FF85B3172DB}.Release|Any CPU.ActiveCfg = Release|Any CPU
		{8015B6BB-67FA-44B1-BF94-6FF85B3172DB}.Release|Any CPU.Build.0 = Release|Any CPU
	EndGlobalSection
	GlobalSection(SolutionProperties) = preSolution
		HideSolutionNode = FALSE
	EndGlobalSection
	GlobalSection(ExtensibilityGlobals) = postSolution
		SolutionGuid = {727AB2FA-D190-4AAE-BE3A-7938404809CF}
	EndGlobalSection
EndGlobal
